
Microsoft Visual Studio Solution File, Format Version 12.00
# Visual Studio Version 17
VisualStudioVersion = 17.9.34714.143
MinimumVisualStudioVersion = 10.0.40219.1
Project("{FAE04EC0-301F-11D3-BF4B-00C04F79EFBC}") = "Laba5", "Laba4.1\Laba5.csproj", "{160ADA79-8A60-4A63-8A2F-B2BE26F312E6}"
EndProject
Global
	GlobalSection(SolutionConfigurationPlatforms) = preSolution
		Debug|Any CPU = Debug|Any CPU
		Release|Any CPU = Release|Any CPU
	EndGlobalSection
	GlobalSection(ProjectConfigurationPlatforms) = postSolution
		{160ADA79-8A60-4A63-8A2F-B2BE26F312E6}.Debug|Any CPU.ActiveCfg = Debug|Any CPU
		{160ADA79-8A60-4A63-8A2F-B2BE26F312E6}.Debug|Any CPU.Build.0 = Debug|Any CPU
		{160ADA79-8A60-4A63-8A2F-B2BE26F312E6}.Release|Any CPU.ActiveCfg = Release|Any CPU
		{160ADA79-8A60-4A63-8A2F-B2BE26F312E6}.Release|Any CPU.Build.0 = Release|Any CPU
	EndGlobalSection
	GlobalSection(SolutionProperties) = preSolution
		HideSolutionNode = FALSE
	EndGlobalSection
	GlobalSection(ExtensibilityGlobals) = postSolution
		SolutionGuid = {54CA6FA7-016F-4343-A86D-3990198C51C5}
	EndGlobalSection
EndGlobal
